// !$*UTF8*$!
{
	archiveVersion = 1;
	classes = {
	};
	objectVersion = 56;
	objects = {

/* Begin PBXBuildFile section */
		A3186F67290F902E0008B83D /* main.swift in Sources */ = {isa = PBXBuildFile; fileRef = A3186F66290F902E0008B83D /* main.swift */; };
		A3186F6F290F90580008B83D /* Budget.swift in Sources */ = {isa = PBXBuildFile; fileRef = A3186F6E290F90580008B83D /* Budget.swift */; };
		A3186F71290F925C0008B83D /* Decimal.swift in Sources */ = {isa = PBXBuildFile; fileRef = A3186F70290F925C0008B83D /* Decimal.swift */; };
		A3339539294C531D00EB43F1 /* 가장 가까운 같은 글자.swift in Sources */ = {isa = PBXBuildFile; fileRef = A3339538294C531D00EB43F1 /* 가장 가까운 같은 글자.swift */; };
		A35C0F132918975E00926E76 /* Rest1 .swift in Sources */ = {isa = PBXBuildFile; fileRef = A35C0F122918975E00926E76 /* Rest1 .swift */; };
		A35C0F15291A003100926E76 /* p와 y의 개수.swift in Sources */ = {isa = PBXBuildFile; fileRef = A35C0F14291A003100926E76 /* p와 y의 개수.swift */; };
		A35C0F17291A09C000926E76 /* 하샤드의 수.swift in Sources */ = {isa = PBXBuildFile; fileRef = A35C0F16291A09C000926E76 /* 하샤드의 수.swift */; };
		A38FBC4C292312B1002E8B88 /* 핸드폰 번호 가리기.swift in Sources */ = {isa = PBXBuildFile; fileRef = A38FBC4B292312B1002E8B88 /* 핸드폰 번호 가리기.swift */; };
		A38FBC4E29247A2B002E8B88 /* 숫자 문자열과 영단어.swift in Sources */ = {isa = PBXBuildFile; fileRef = A38FBC4D29247A2B002E8B88 /* 숫자 문자열과 영단어.swift */; };
		A393133A29404D86005E957D /* 최댓값과 최솟값.swift in Sources */ = {isa = PBXBuildFile; fileRef = A393133929404D86005E957D /* 최댓값과 최솟값.swift */; };
		A393133C29405D7D005E957D /* JadenCase 문자열 만들기 .swift in Sources */ = {isa = PBXBuildFile; fileRef = A393133B29405D7D005E957D /* JadenCase 문자열 만들기 .swift */; };
		A3B4377C2910AE9C00EBE14B /* Hamburger.swift in Sources */ = {isa = PBXBuildFile; fileRef = A3B4377B2910AE9C00EBE14B /* Hamburger.swift */; };
		A3FC93B3291201A200D09141 /* EvenAndOdd .swift in Sources */ = {isa = PBXBuildFile; fileRef = A3FC93B2291201A200D09141 /* EvenAndOdd .swift */; };
		A3FC93B52912047800D09141 /* SumOfFactors .swift in Sources */ = {isa = PBXBuildFile; fileRef = A3FC93B42912047800D09141 /* SumOfFactors .swift */; };
		A3FC93B729120C2500D09141 /* Average.swift in Sources */ = {isa = PBXBuildFile; fileRef = A3FC93B629120C2500D09141 /* Average.swift */; };
		A3FC93B92912412400D09141 /* AddDigits .swift in Sources */ = {isa = PBXBuildFile; fileRef = A3FC93B82912412400D09141 /* AddDigits .swift */; };
		A3FC93BB29134EFE00D09141 /* Reverse.swift in Sources */ = {isa = PBXBuildFile; fileRef = A3FC93BA29134EFE00D09141 /* Reverse.swift */; };
		A3FC93BD2913562400D09141 /* PositiveSquareRoot .swift in Sources */ = {isa = PBXBuildFile; fileRef = A3FC93BC2913562400D09141 /* PositiveSquareRoot .swift */; };
/* End PBXBuildFile section */

/* Begin PBXCopyFilesBuildPhase section */
		A3186F61290F902E0008B83D /* CopyFiles */ = {
			isa = PBXCopyFilesBuildPhase;
			buildActionMask = 2147483647;
			dstPath = /usr/share/man/man1/;
			dstSubfolderSpec = 0;
			files = (
			);
			runOnlyForDeploymentPostprocessing = 1;
		};
/* End PBXCopyFilesBuildPhase section */

/* Begin PBXFileReference section */
		A3186F63290F902E0008B83D /* Programmers */ = {isa = PBXFileReference; explicitFileType = "compiled.mach-o.executable"; includeInIndex = 0; path = Programmers; sourceTree = BUILT_PRODUCTS_DIR; };
		A3186F66290F902E0008B83D /* main.swift */ = {isa = PBXFileReference; lastKnownFileType = sourcecode.swift; path = main.swift; sourceTree = "<group>"; };
		A3186F6E290F90580008B83D /* Budget.swift */ = {isa = PBXFileReference; lastKnownFileType = sourcecode.swift; path = Budget.swift; sourceTree = "<group>"; };
		A3186F70290F925C0008B83D /* Decimal.swift */ = {isa = PBXFileReference; lastKnownFileType = sourcecode.swift; path = Decimal.swift; sourceTree = "<group>"; };
		A3339538294C531D00EB43F1 /* 가장 가까운 같은 글자.swift */ = {isa = PBXFileReference; lastKnownFileType = sourcecode.swift; path = "가장 가까운 같은 글자.swift"; sourceTree = "<group>"; };
		A35C0F122918975E00926E76 /* Rest1 .swift */ = {isa = PBXFileReference; lastKnownFileType = sourcecode.swift; path = "Rest1 .swift"; sourceTree = "<group>"; };
		A35C0F14291A003100926E76 /* p와 y의 개수.swift */ = {isa = PBXFileReference; lastKnownFileType = sourcecode.swift; path = "p와 y의 개수.swift"; sourceTree = "<group>"; };
		A35C0F16291A09C000926E76 /* 하샤드의 수.swift */ = {isa = PBXFileReference; lastKnownFileType = sourcecode.swift; path = "하샤드의 수.swift"; sourceTree = "<group>"; };
		A38FBC4B292312B1002E8B88 /* 핸드폰 번호 가리기.swift */ = {isa = PBXFileReference; lastKnownFileType = sourcecode.swift; path = "핸드폰 번호 가리기.swift"; sourceTree = "<group>"; };
		A38FBC4D29247A2B002E8B88 /* 숫자 문자열과 영단어.swift */ = {isa = PBXFileReference; lastKnownFileType = sourcecode.swift; path = "숫자 문자열과 영단어.swift"; sourceTree = "<group>"; };
		A393133929404D86005E957D /* 최댓값과 최솟값.swift */ = {isa = PBXFileReference; lastKnownFileType = sourcecode.swift; path = "최댓값과 최솟값.swift"; sourceTree = "<group>"; };
		A393133B29405D7D005E957D /* JadenCase 문자열 만들기 .swift */ = {isa = PBXFileReference; lastKnownFileType = sourcecode.swift; path = "JadenCase 문자열 만들기 .swift"; sourceTree = "<group>"; };
		A3B4377B2910AE9C00EBE14B /* Hamburger.swift */ = {isa = PBXFileReference; lastKnownFileType = sourcecode.swift; path = Hamburger.swift; sourceTree = "<group>"; };
		A3FC93B2291201A200D09141 /* EvenAndOdd .swift */ = {isa = PBXFileReference; lastKnownFileType = sourcecode.swift; path = "EvenAndOdd .swift"; sourceTree = "<group>"; };
		A3FC93B42912047800D09141 /* SumOfFactors .swift */ = {isa = PBXFileReference; lastKnownFileType = sourcecode.swift; path = "SumOfFactors .swift"; sourceTree = "<group>"; };
		A3FC93B629120C2500D09141 /* Average.swift */ = {isa = PBXFileReference; lastKnownFileType = sourcecode.swift; path = Average.swift; sourceTree = "<group>"; };
		A3FC93B82912412400D09141 /* AddDigits .swift */ = {isa = PBXFileReference; lastKnownFileType = sourcecode.swift; path = "AddDigits .swift"; sourceTree = "<group>"; };
		A3FC93BA29134EFE00D09141 /* Reverse.swift */ = {isa = PBXFileReference; lastKnownFileType = sourcecode.swift; path = Reverse.swift; sourceTree = "<group>"; };
		A3FC93BC2913562400D09141 /* PositiveSquareRoot .swift */ = {isa = PBXFileReference; lastKnownFileType = sourcecode.swift; path = "PositiveSquareRoot .swift"; sourceTree = "<group>"; };
/* End PBXFileReference section */

/* Begin PBXFrameworksBuildPhase section */
		A3186F60290F902E0008B83D /* Frameworks */ = {
			isa = PBXFrameworksBuildPhase;
			buildActionMask = 2147483647;
			files = (
			);
			runOnlyForDeploymentPostprocessing = 0;
		};
/* End PBXFrameworksBuildPhase section */

/* Begin PBXGroup section */
		A3186F5A290F902E0008B83D = {
			isa = PBXGroup;
			children = (
				A3186F65290F902E0008B83D /* Programmers */,
				A3186F64290F902E0008B83D /* Products */,
			);
			sourceTree = "<group>";
		};
		A3186F64290F902E0008B83D /* Products */ = {
			isa = PBXGroup;
			children = (
				A3186F63290F902E0008B83D /* Programmers */,
			);
			name = Products;
			sourceTree = "<group>";
		};
		A3186F65290F902E0008B83D /* Programmers */ = {
			isa = PBXGroup;
			children = (
				A3186F66290F902E0008B83D /* main.swift */,
				A3186F6D290F90450008B83D /* Level1 */,
				A393133829404D39005E957D /* Level2 */,
			);
			path = Programmers;
			sourceTree = "<group>";
		};
		A3186F6D290F90450008B83D /* Level1 */ = {
			isa = PBXGroup;
			children = (
				A3186F6E290F90580008B83D /* Budget.swift */,
				A3186F70290F925C0008B83D /* Decimal.swift */,
				A3B4377B2910AE9C00EBE14B /* Hamburger.swift */,
				A3FC93B2291201A200D09141 /* EvenAndOdd .swift */,
				A3FC93B42912047800D09141 /* SumOfFactors .swift */,
				A3FC93B629120C2500D09141 /* Average.swift */,
				A3FC93B82912412400D09141 /* AddDigits .swift */,
				A3FC93BA29134EFE00D09141 /* Reverse.swift */,
				A3FC93BC2913562400D09141 /* PositiveSquareRoot .swift */,
				A35C0F122918975E00926E76 /* Rest1 .swift */,
				A35C0F14291A003100926E76 /* p와 y의 개수.swift */,
				A35C0F16291A09C000926E76 /* 하샤드의 수.swift */,
				A38FBC4B292312B1002E8B88 /* 핸드폰 번호 가리기.swift */,
				A38FBC4D29247A2B002E8B88 /* 숫자 문자열과 영단어.swift */,
				A3339538294C531D00EB43F1 /* 가장 가까운 같은 글자.swift */,
			);
			path = Level1;
			sourceTree = "<group>";
		};
		A393133829404D39005E957D /* Level2 */ = {
			isa = PBXGroup;
			children = (
				A393133929404D86005E957D /* 최댓값과 최솟값.swift */,
				A393133B29405D7D005E957D /* JadenCase 문자열 만들기 .swift */,
			);
			path = Level2;
			sourceTree = "<group>";
		};
/* End PBXGroup section */

/* Begin PBXNativeTarget section */
		A3186F62290F902E0008B83D /* Programmers */ = {
			isa = PBXNativeTarget;
			buildConfigurationList = A3186F6A290F902E0008B83D /* Build configuration list for PBXNativeTarget "Programmers" */;
			buildPhases = (
				A3186F5F290F902E0008B83D /* Sources */,
				A3186F60290F902E0008B83D /* Frameworks */,
				A3186F61290F902E0008B83D /* CopyFiles */,
			);
			buildRules = (
			);
			dependencies = (
			);
			name = Programmers;
			productName = Programmers;
			productReference = A3186F63290F902E0008B83D /* Programmers */;
			productType = "com.apple.product-type.tool";
		};
/* End PBXNativeTarget section */

/* Begin PBXProject section */
		A3186F5B290F902E0008B83D /* Project object */ = {
			isa = PBXProject;
			attributes = {
				BuildIndependentTargetsInParallel = 1;
				LastSwiftUpdateCheck = 1400;
				LastUpgradeCheck = 1400;
				TargetAttributes = {
					A3186F62290F902E0008B83D = {
						CreatedOnToolsVersion = 14.0.1;
					};
				};
			};
			buildConfigurationList = A3186F5E290F902E0008B83D /* Build configuration list for PBXProject "Programmers" */;
			compatibilityVersion = "Xcode 14.0";
			developmentRegion = en;
			hasScannedForEncodings = 0;
			knownRegions = (
				en,
				Base,
			);
			mainGroup = A3186F5A290F902E0008B83D;
			productRefGroup = A3186F64290F902E0008B83D /* Products */;
			projectDirPath = "";
			projectRoot = "";
			targets = (
				A3186F62290F902E0008B83D /* Programmers */,
			);
		};
/* End PBXProject section */

/* Begin PBXSourcesBuildPhase section */
		A3186F5F290F902E0008B83D /* Sources */ = {
			isa = PBXSourcesBuildPhase;
			buildActionMask = 2147483647;
			files = (
				A35C0F132918975E00926E76 /* Rest1 .swift in Sources */,
				A35C0F17291A09C000926E76 /* 하샤드의 수.swift in Sources */,
				A38FBC4E29247A2B002E8B88 /* 숫자 문자열과 영단어.swift in Sources */,
				A38FBC4C292312B1002E8B88 /* 핸드폰 번호 가리기.swift in Sources */,
				A3FC93BD2913562400D09141 /* PositiveSquareRoot .swift in Sources */,
				A3FC93B92912412400D09141 /* AddDigits .swift in Sources */,
				A3FC93B52912047800D09141 /* SumOfFactors .swift in Sources */,
				A3186F71290F925C0008B83D /* Decimal.swift in Sources */,
				A3339539294C531D00EB43F1 /* 가장 가까운 같은 글자.swift in Sources */,
				A3FC93B3291201A200D09141 /* EvenAndOdd .swift in Sources */,
				A3FC93B729120C2500D09141 /* Average.swift in Sources */,
				A35C0F15291A003100926E76 /* p와 y의 개수.swift in Sources */,
				A3FC93BB29134EFE00D09141 /* Reverse.swift in Sources */,
				A3186F6F290F90580008B83D /* Budget.swift in Sources */,
				A393133C29405D7D005E957D /* JadenCase 문자열 만들기 .swift in Sources */,
				A3186F67290F902E0008B83D /* main.swift in Sources */,
				A3B4377C2910AE9C00EBE14B /* Hamburger.swift in Sources */,
				A393133A29404D86005E957D /* 최댓값과 최솟값.swift in Sources */,
			);
			runOnlyForDeploymentPostprocessing = 0;
		};
/* End PBXSourcesBuildPhase section */

/* Begin XCBuildConfiguration section */
		A3186F68290F902E0008B83D /* Debug */ = {
			isa = XCBuildConfiguration;
			buildSettings = {
				ALWAYS_SEARCH_USER_PATHS = NO;
				CLANG_ANALYZER_NONNULL = YES;
				CLANG_ANALYZER_NUMBER_OBJECT_CONVERSION = YES_AGGRESSIVE;
				CLANG_CXX_LANGUAGE_STANDARD = "gnu++20";
				CLANG_ENABLE_MODULES = YES;
				CLANG_ENABLE_OBJC_ARC = YES;
				CLANG_ENABLE_OBJC_WEAK = YES;
				CLANG_WARN_BLOCK_CAPTURE_AUTORELEASING = YES;
				CLANG_WARN_BOOL_CONVERSION = YES;
				CLANG_WARN_COMMA = YES;
				CLANG_WARN_CONSTANT_CONVERSION = YES;
				CLANG_WARN_DEPRECATED_OBJC_IMPLEMENTATIONS = YES;
				CLANG_WARN_DIRECT_OBJC_ISA_USAGE = YES_ERROR;
				CLANG_WARN_DOCUMENTATION_COMMENTS = YES;
				CLANG_WARN_EMPTY_BODY = YES;
				CLANG_WARN_ENUM_CONVERSION = YES;
				CLANG_WARN_INFINITE_RECURSION = YES;
				CLANG_WARN_INT_CONVERSION = YES;
				CLANG_WARN_NON_LITERAL_NULL_CONVERSION = YES;
				CLANG_WARN_OBJC_IMPLICIT_RETAIN_SELF = YES;
				CLANG_WARN_OBJC_LITERAL_CONVERSION = YES;
				CLANG_WARN_OBJC_ROOT_CLASS = YES_ERROR;
				CLANG_WARN_QUOTED_INCLUDE_IN_FRAMEWORK_HEADER = YES;
				CLANG_WARN_RANGE_LOOP_ANALYSIS = YES;
				CLANG_WARN_STRICT_PROTOTYPES = YES;
				CLANG_WARN_SUSPICIOUS_MOVE = YES;
				CLANG_WARN_UNGUARDED_AVAILABILITY = YES_AGGRESSIVE;
				CLANG_WARN_UNREACHABLE_CODE = YES;
				CLANG_WARN__DUPLICATE_METHOD_MATCH = YES;
				COPY_PHASE_STRIP = NO;
				DEBUG_INFORMATION_FORMAT = dwarf;
				ENABLE_STRICT_OBJC_MSGSEND = YES;
				ENABLE_TESTABILITY = YES;
				GCC_C_LANGUAGE_STANDARD = gnu11;
				GCC_DYNAMIC_NO_PIC = NO;
				GCC_NO_COMMON_BLOCKS = YES;
				GCC_OPTIMIZATION_LEVEL = 0;
				GCC_PREPROCESSOR_DEFINITIONS = (
					"DEBUG=1",
					"$(inherited)",
				);
				GCC_WARN_64_TO_32_BIT_CONVERSION = YES;
				GCC_WARN_ABOUT_RETURN_TYPE = YES_ERROR;
				GCC_WARN_UNDECLARED_SELECTOR = YES;
				GCC_WARN_UNINITIALIZED_AUTOS = YES_AGGRESSIVE;
				GCC_WARN_UNUSED_FUNCTION = YES;
				GCC_WARN_UNUSED_VARIABLE = YES;
				MACOSX_DEPLOYMENT_TARGET = 12.3;
				MTL_ENABLE_DEBUG_INFO = INCLUDE_SOURCE;
				MTL_FAST_MATH = YES;
				ONLY_ACTIVE_ARCH = YES;
				SDKROOT = macosx;
				SWIFT_ACTIVE_COMPILATION_CONDITIONS = DEBUG;
				SWIFT_OPTIMIZATION_LEVEL = "-Onone";
			};
			name = Debug;
		};
		A3186F69290F902E0008B83D /* Release */ = {
			isa = XCBuildConfiguration;
			buildSettings = {
				ALWAYS_SEARCH_USER_PATHS = NO;
				CLANG_ANALYZER_NONNULL = YES;
				CLANG_ANALYZER_NUMBER_OBJECT_CONVERSION = YES_AGGRESSIVE;
				CLANG_CXX_LANGUAGE_STANDARD = "gnu++20";
				CLANG_ENABLE_MODULES = YES;
				CLANG_ENABLE_OBJC_ARC = YES;
				CLANG_ENABLE_OBJC_WEAK = YES;
				CLANG_WARN_BLOCK_CAPTURE_AUTORELEASING = YES;
				CLANG_WARN_BOOL_CONVERSION = YES;
				CLANG_WARN_COMMA = YES;
				CLANG_WARN_CONSTANT_CONVERSION = YES;
				CLANG_WARN_DEPRECATED_OBJC_IMPLEMENTATIONS = YES;
				CLANG_WARN_DIRECT_OBJC_ISA_USAGE = YES_ERROR;
				CLANG_WARN_DOCUMENTATION_COMMENTS = YES;
				CLANG_WARN_EMPTY_BODY = YES;
				CLANG_WARN_ENUM_CONVERSION = YES;
				CLANG_WARN_INFINITE_RECURSION = YES;
				CLANG_WARN_INT_CONVERSION = YES;
				CLANG_WARN_NON_LITERAL_NULL_CONVERSION = YES;
				CLANG_WARN_OBJC_IMPLICIT_RETAIN_SELF = YES;
				CLANG_WARN_OBJC_LITERAL_CONVERSION = YES;
				CLANG_WARN_OBJC_ROOT_CLASS = YES_ERROR;
				CLANG_WARN_QUOTED_INCLUDE_IN_FRAMEWORK_HEADER = YES;
				CLANG_WARN_RANGE_LOOP_ANALYSIS = YES;
				CLANG_WARN_STRICT_PROTOTYPES = YES;
				CLANG_WARN_SUSPICIOUS_MOVE = YES;
				CLANG_WARN_UNGUARDED_AVAILABILITY = YES_AGGRESSIVE;
				CLANG_WARN_UNREACHABLE_CODE = YES;
				CLANG_WARN__DUPLICATE_METHOD_MATCH = YES;
				COPY_PHASE_STRIP = NO;
				DEBUG_INFORMATION_FORMAT = "dwarf-with-dsym";
				ENABLE_NS_ASSERTIONS = NO;
				ENABLE_STRICT_OBJC_MSGSEND = YES;
				GCC_C_LANGUAGE_STANDARD = gnu11;
				GCC_NO_COMMON_BLOCKS = YES;
				GCC_WARN_64_TO_32_BIT_CONVERSION = YES;
				GCC_WARN_ABOUT_RETURN_TYPE = YES_ERROR;
				GCC_WARN_UNDECLARED_SELECTOR = YES;
				GCC_WARN_UNINITIALIZED_AUTOS = YES_AGGRESSIVE;
				GCC_WARN_UNUSED_FUNCTION = YES;
				GCC_WARN_UNUSED_VARIABLE = YES;
				MACOSX_DEPLOYMENT_TARGET = 12.3;
				MTL_ENABLE_DEBUG_INFO = NO;
				MTL_FAST_MATH = YES;
				SDKROOT = macosx;
				SWIFT_COMPILATION_MODE = wholemodule;
				SWIFT_OPTIMIZATION_LEVEL = "-O";
			};
			name = Release;
		};
		A3186F6B290F902E0008B83D /* Debug */ = {
			isa = XCBuildConfiguration;
			buildSettings = {
				CODE_SIGN_STYLE = Automatic;
				PRODUCT_NAME = "$(TARGET_NAME)";
				SWIFT_VERSION = 5.0;
			};
			name = Debug;
		};
		A3186F6C290F902E0008B83D /* Release */ = {
			isa = XCBuildConfiguration;
			buildSettings = {
				CODE_SIGN_STYLE = Automatic;
				PRODUCT_NAME = "$(TARGET_NAME)";
				SWIFT_VERSION = 5.0;
			};
			name = Release;
		};
/* End XCBuildConfiguration section */

/* Begin XCConfigurationList section */
		A3186F5E290F902E0008B83D /* Build configuration list for PBXProject "Programmers" */ = {
			isa = XCConfigurationList;
			buildConfigurations = (
				A3186F68290F902E0008B83D /* Debug */,
				A3186F69290F902E0008B83D /* Release */,
			);
			defaultConfigurationIsVisible = 0;
			defaultConfigurationName = Release;
		};
		A3186F6A290F902E0008B83D /* Build configuration list for PBXNativeTarget "Programmers" */ = {
			isa = XCConfigurationList;
			buildConfigurations = (
				A3186F6B290F902E0008B83D /* Debug */,
				A3186F6C290F902E0008B83D /* Release */,
			);
			defaultConfigurationIsVisible = 0;
			defaultConfigurationName = Release;
		};
/* End XCConfigurationList section */
	};
	rootObject = A3186F5B290F902E0008B83D /* Project object */;
}
